
Microsoft Visual Studio Solution File, Format Version 12.00
# Visual Studio Version 17
VisualStudioVersion = 17.7.34221.43
MinimumVisualStudioVersion = 10.0.40219.1
Project("{9A19103F-16F7-4668-BE54-9A1E7A4F7556}") = "TRDoDoSRV", "TRDoDoSRV.csproj", "{2C73DF24-8B94-46D3-9E29-37457A378D59}"
EndProject
Project("{9A19103F-16F7-4668-BE54-9A1E7A4F7556}") = "Terraria", "D:\tModLoader\src\tModLoader\Terraria\Terraria.csproj", "{C848DE8C-9FD5-4523-B504-B33B4219F062}"
EndProject
Project("{FAE04EC0-301F-11D3-BF4B-00C04F79EFBC}") = "FNA", "D:\tModLoader\FNA\FNA.csproj", "{35253CE1-C864-4CD3-8249-4D1319748E8F}"
EndProject
Global
	GlobalSection(SolutionConfigurationPlatforms) = preSolution
		Debug|Any CPU = Debug|Any CPU
		Debug|x64 = Debug|x64
		Debug|x86 = Debug|x86
		LinuxRelease|Any CPU = LinuxRelease|Any CPU
		LinuxRelease|x64 = LinuxRelease|x64
		LinuxRelease|x86 = LinuxRelease|x86
		LinuxServerRelease|Any CPU = LinuxServerRelease|Any CPU
		LinuxServerRelease|x64 = LinuxServerRelease|x64
		LinuxServerRelease|x86 = LinuxServerRelease|x86
		MacRelease|Any CPU = MacRelease|Any CPU
		MacRelease|x64 = MacRelease|x64
		MacRelease|x86 = MacRelease|x86
		MacServerRelease|Any CPU = MacServerRelease|Any CPU
		MacServerRelease|x64 = MacServerRelease|x64
		MacServerRelease|x86 = MacServerRelease|x86
		Release|Any CPU = Release|Any CPU
		Release|x64 = Release|x64
		Release|x86 = Release|x86
		WindowsDebug|Any CPU = WindowsDebug|Any CPU
		WindowsDebug|x64 = WindowsDebug|x64
		WindowsDebug|x86 = WindowsDebug|x86
		WindowsRelease|Any CPU = WindowsRelease|Any CPU
		WindowsRelease|x64 = WindowsRelease|x64
		WindowsRelease|x86 = WindowsRelease|x86
		WindowsServerDebug|Any CPU = WindowsServerDebug|Any CPU
		WindowsServerDebug|x64 = WindowsServerDebug|x64
		WindowsServerDebug|x86 = WindowsServerDebug|x86
		WindowsServerRelease|Any CPU = WindowsServerRelease|Any CPU
		WindowsServerRelease|x64 = WindowsServerRelease|x64
		WindowsServerRelease|x86 = WindowsServerRelease|x86
	EndGlobalSection
	GlobalSection(ProjectConfigurationPlatforms) = postSolution
		{2C73DF24-8B94-46D3-9E29-37457A378D59}.Debug|Any CPU.ActiveCfg = Debug|Any CPU
		{2C73DF24-8B94-46D3-9E29-37457A378D59}.Debug|Any CPU.Build.0 = Debug|Any CPU
		{2C73DF24-8B94-46D3-9E29-37457A378D59}.Debug|x64.ActiveCfg = Debug|Any CPU
		{2C73DF24-8B94-46D3-9E29-37457A378D59}.Debug|x64.Build.0 = Debug|Any CPU
		{2C73DF24-8B94-46D3-9E29-37457A378D59}.Debug|x86.ActiveCfg = Debug|Any CPU
		{2C73DF24-8B94-46D3-9E29-37457A378D59}.Debug|x86.Build.0 = Debug|Any CPU
		{2C73DF24-8B94-46D3-9E29-37457A378D59}.LinuxRelease|Any CPU.ActiveCfg = Release|Any CPU
		{2C73DF24-8B94-46D3-9E29-37457A378D59}.LinuxRelease|Any CPU.Build.0 = Release|Any CPU
		{2C73DF24-8B94-46D3-9E29-37457A378D59}.LinuxRelease|x64.ActiveCfg = Release|Any CPU
		{2C73DF24-8B94-46D3-9E29-37457A378D59}.LinuxRelease|x64.Build.0 = Release|Any CPU
		{2C73DF24-8B94-46D3-9E29-37457A378D59}.LinuxRelease|x86.ActiveCfg = Release|Any CPU
		{2C73DF24-8B94-46D3-9E29-37457A378D59}.LinuxRelease|x86.Build.0 = Release|Any CPU
		{2C73DF24-8B94-46D3-9E29-37457A378D59}.LinuxServerRelease|Any CPU.ActiveCfg = Release|Any CPU
		{2C73DF24-8B94-46D3-9E29-37457A378D59}.LinuxServerRelease|Any CPU.Build.0 = Release|Any CPU
		{2C73DF24-8B94-46D3-9E29-37457A378D59}.LinuxServerRelease|x64.ActiveCfg = Release|Any CPU
		{2C73DF24-8B94-46D3-9E29-37457A378D59}.LinuxServerRelease|x64.Build.0 = Release|Any CPU
		{2C73DF24-8B94-46D3-9E29-37457A378D59}.LinuxServerRelease|x86.ActiveCfg = Release|Any CPU
		{2C73DF24-8B94-46D3-9E29-37457A378D59}.LinuxServerRelease|x86.Build.0 = Release|Any CPU
		{2C73DF24-8B94-46D3-9E29-37457A378D59}.MacRelease|Any CPU.ActiveCfg = Release|Any CPU
		{2C73DF24-8B94-46D3-9E29-37457A378D59}.MacRelease|Any CPU.Build.0 = Release|Any CPU
		{2C73DF24-8B94-46D3-9E29-37457A378D59}.MacRelease|x64.ActiveCfg = Release|Any CPU
		{2C73DF24-8B94-46D3-9E29-37457A378D59}.MacRelease|x64.Build.0 = Release|Any CPU
		{2C73DF24-8B94-46D3-9E29-37457A378D59}.MacRelease|x86.ActiveCfg = Release|Any CPU
		{2C73DF24-8B94-46D3-9E29-37457A378D59}.MacRelease|x86.Build.0 = Release|Any CPU
		{2C73DF24-8B94-46D3-9E29-37457A378D59}.MacServerRelease|Any CPU.ActiveCfg = Release|Any CPU
		{2C73DF24-8B94-46D3-9E29-37457A378D59}.MacServerRelease|Any CPU.Build.0 = Release|Any CPU
		{2C73DF24-8B94-46D3-9E29-37457A378D59}.MacServerRelease|x64.ActiveCfg = Release|Any CPU
		{2C73DF24-8B94-46D3-9E29-37457A378D59}.MacServerRelease|x64.Build.0 = Release|Any CPU
		{2C73DF24-8B94-46D3-9E29-37457A378D59}.MacServerRelease|x86.ActiveCfg = Release|Any CPU
		{2C73DF24-8B94-46D3-9E29-37457A378D59}.MacServerRelease|x86.Build.0 = Release|Any CPU
		{2C73DF24-8B94-46D3-9E29-37457A378D59}.Release|Any CPU.ActiveCfg = Release|Any CPU
		{2C73DF24-8B94-46D3-9E29-37457A378D59}.Release|Any CPU.Build.0 = Release|Any CPU
		{2C73DF24-8B94-46D3-9E29-37457A378D59}.Release|x64.ActiveCfg = Release|Any CPU
		{2C73DF24-8B94-46D3-9E29-37457A378D59}.Release|x64.Build.0 = Release|Any CPU
		{2C73DF24-8B94-46D3-9E29-37457A378D59}.Release|x86.ActiveCfg = Release|Any CPU
		{2C73DF24-8B94-46D3-9E29-37457A378D59}.Release|x86.Build.0 = Release|Any CPU
		{2C73DF24-8B94-46D3-9E29-37457A378D59}.WindowsDebug|Any CPU.ActiveCfg = Debug|Any CPU
		{2C73DF24-8B94-46D3-9E29-37457A378D59}.WindowsDebug|Any CPU.Build.0 = Debug|Any CPU
		{2C73DF24-8B94-46D3-9E29-37457A378D59}.WindowsDebug|x64.ActiveCfg = Debug|Any CPU
		{2C73DF24-8B94-46D3-9E29-37457A378D59}.WindowsDebug|x64.Build.0 = Debug|Any CPU
		{2C73DF24-8B94-46D3-9E29-37457A378D59}.WindowsDebug|x86.ActiveCfg = Debug|Any CPU
		{2C73DF24-8B94-46D3-9E29-37457A378D59}.WindowsDebug|x86.Build.0 = Debug|Any CPU
		{2C73DF24-8B94-46D3-9E29-37457A378D59}.WindowsRelease|Any CPU.ActiveCfg = Release|Any CPU
		{2C73DF24-8B94-46D3-9E29-37457A378D59}.WindowsRelease|Any CPU.Build.0 = Release|Any CPU
		{2C73DF24-8B94-46D3-9E29-37457A378D59}.WindowsRelease|x64.ActiveCfg = Release|Any CPU
		{2C73DF24-8B94-46D3-9E29-37457A378D59}.WindowsRelease|x64.Build.0 = Release|Any CPU
		{2C73DF24-8B94-46D3-9E29-37457A378D59}.WindowsRelease|x86.ActiveCfg = Release|Any CPU
		{2C73DF24-8B94-46D3-9E29-37457A378D59}.WindowsRelease|x86.Build.0 = Release|Any CPU
		{2C73DF24-8B94-46D3-9E29-37457A378D59}.WindowsServerDebug|Any CPU.ActiveCfg = Debug|Any CPU
		{2C73DF24-8B94-46D3-9E29-37457A378D59}.WindowsServerDebug|Any CPU.Build.0 = Debug|Any CPU
		{2C73DF24-8B94-46D3-9E29-37457A378D59}.WindowsServerDebug|x64.ActiveCfg = Debug|Any CPU
		{2C73DF24-8B94-46D3-9E29-37457A378D59}.WindowsServerDebug|x64.Build.0 = Debug|Any CPU
		{2C73DF24-8B94-46D3-9E29-37457A378D59}.WindowsServerDebug|x86.ActiveCfg = Debug|Any CPU
		{2C73DF24-8B94-46D3-9E29-37457A378D59}.WindowsServerDebug|x86.Build.0 = Debug|Any CPU
		{2C73DF24-8B94-46D3-9E29-37457A378D59}.WindowsServerRelease|Any CPU.ActiveCfg = Release|Any CPU
		{2C73DF24-8B94-46D3-9E29-37457A378D59}.WindowsServerRelease|Any CPU.Build.0 = Release|Any CPU
		{2C73DF24-8B94-46D3-9E29-37457A378D59}.WindowsServerRelease|x64.ActiveCfg = Release|Any CPU
		{2C73DF24-8B94-46D3-9E29-37457A378D59}.WindowsServerRelease|x64.Build.0 = Release|Any CPU
		{2C73DF24-8B94-46D3-9E29-37457A378D59}.WindowsServerRelease|x86.ActiveCfg = Release|Any CPU
		{2C73DF24-8B94-46D3-9E29-37457A378D59}.WindowsServerRelease|x86.Build.0 = Release|Any CPU
		{C848DE8C-9FD5-4523-B504-B33B4219F062}.Debug|Any CPU.ActiveCfg = Debug|Any CPU
		{C848DE8C-9FD5-4523-B504-B33B4219F062}.Debug|Any CPU.Build.0 = Debug|Any CPU
		{C848DE8C-9FD5-4523-B504-B33B4219F062}.Debug|x64.ActiveCfg = Debug|Any CPU
		{C848DE8C-9FD5-4523-B504-B33B4219F062}.Debug|x64.Build.0 = Debug|Any CPU
		{C848DE8C-9FD5-4523-B504-B33B4219F062}.Debug|x86.ActiveCfg = Debug|Any CPU
		{C848DE8C-9FD5-4523-B504-B33B4219F062}.Debug|x86.Build.0 = Debug|Any CPU
		{C848DE8C-9FD5-4523-B504-B33B4219F062}.LinuxRelease|Any CPU.ActiveCfg = Release|Any CPU
		{C848DE8C-9FD5-4523-B504-B33B4219F062}.LinuxRelease|Any CPU.Build.0 = Release|Any CPU
		{C848DE8C-9FD5-4523-B504-B33B4219F062}.LinuxRelease|x64.ActiveCfg = Release|Any CPU
		{C848DE8C-9FD5-4523-B504-B33B4219F062}.LinuxRelease|x64.Build.0 = Release|Any CPU
		{C848DE8C-9FD5-4523-B504-B33B4219F062}.LinuxRelease|x86.ActiveCfg = Release|Any CPU
		{C848DE8C-9FD5-4523-B504-B33B4219F062}.LinuxRelease|x86.Build.0 = Release|Any CPU
		{C848DE8C-9FD5-4523-B504-B33B4219F062}.LinuxServerRelease|Any CPU.ActiveCfg = Release|Any CPU
		{C848DE8C-9FD5-4523-B504-B33B4219F062}.LinuxServerRelease|Any CPU.Build.0 = Release|Any CPU
		{C848DE8C-9FD5-4523-B504-B33B4219F062}.LinuxServerRelease|x64.ActiveCfg = Release|Any CPU
		{C848DE8C-9FD5-4523-B504-B33B4219F062}.LinuxServerRelease|x64.Build.0 = Release|Any CPU
		{C848DE8C-9FD5-4523-B504-B33B4219F062}.LinuxServerRelease|x86.ActiveCfg = Release|Any CPU
		{C848DE8C-9FD5-4523-B504-B33B4219F062}.LinuxServerRelease|x86.Build.0 = Release|Any CPU
		{C848DE8C-9FD5-4523-B504-B33B4219F062}.MacRelease|Any CPU.ActiveCfg = Release|Any CPU
		{C848DE8C-9FD5-4523-B504-B33B4219F062}.MacRelease|Any CPU.Build.0 = Release|Any CPU
		{C848DE8C-9FD5-4523-B504-B33B4219F062}.MacRelease|x64.ActiveCfg = Release|Any CPU
		{C848DE8C-9FD5-4523-B504-B33B4219F062}.MacRelease|x64.Build.0 = Release|Any CPU
		{C848DE8C-9FD5-4523-B504-B33B4219F062}.MacRelease|x86.ActiveCfg = Release|Any CPU
		{C848DE8C-9FD5-4523-B504-B33B4219F062}.MacRelease|x86.Build.0 = Release|Any CPU
		{C848DE8C-9FD5-4523-B504-B33B4219F062}.MacServerRelease|Any CPU.ActiveCfg = Release|Any CPU
		{C848DE8C-9FD5-4523-B504-B33B4219F062}.MacServerRelease|Any CPU.Build.0 = Release|Any CPU
		{C848DE8C-9FD5-4523-B504-B33B4219F062}.MacServerRelease|x64.ActiveCfg = Release|Any CPU
		{C848DE8C-9FD5-4523-B504-B33B4219F062}.MacServerRelease|x64.Build.0 = Release|Any CPU
		{C848DE8C-9FD5-4523-B504-B33B4219F062}.MacServerRelease|x86.ActiveCfg = Release|Any CPU
		{C848DE8C-9FD5-4523-B504-B33B4219F062}.MacServerRelease|x86.Build.0 = Release|Any CPU
		{C848DE8C-9FD5-4523-B504-B33B4219F062}.Release|Any CPU.ActiveCfg = Release|Any CPU
		{C848DE8C-9FD5-4523-B504-B33B4219F062}.Release|Any CPU.Build.0 = Release|Any CPU
		{C848DE8C-9FD5-4523-B504-B33B4219F062}.Release|x64.ActiveCfg = Release|Any CPU
		{C848DE8C-9FD5-4523-B504-B33B4219F062}.Release|x64.Build.0 = Release|Any CPU
		{C848DE8C-9FD5-4523-B504-B33B4219F062}.Release|x86.ActiveCfg = Release|Any CPU
		{C848DE8C-9FD5-4523-B504-B33B4219F062}.Release|x86.Build.0 = Release|Any CPU
		{C848DE8C-9FD5-4523-B504-B33B4219F062}.WindowsDebug|Any CPU.ActiveCfg = Debug|Any CPU
		{C848DE8C-9FD5-4523-B504-B33B4219F062}.WindowsDebug|Any CPU.Build.0 = Debug|Any CPU
		{C848DE8C-9FD5-4523-B504-B33B4219F062}.WindowsDebug|x64.ActiveCfg = Debug|Any CPU
		{C848DE8C-9FD5-4523-B504-B33B4219F062}.WindowsDebug|x64.Build.0 = Debug|Any CPU
		{C848DE8C-9FD5-4523-B504-B33B4219F062}.WindowsDebug|x86.ActiveCfg = Debug|Any CPU
		{C848DE8C-9FD5-4523-B504-B33B4219F062}.WindowsDebug|x86.Build.0 = Debug|Any CPU
		{C848DE8C-9FD5-4523-B504-B33B4219F062}.WindowsRelease|Any CPU.ActiveCfg = Release|Any CPU
		{C848DE8C-9FD5-4523-B504-B33B4219F062}.WindowsRelease|Any CPU.Build.0 = Release|Any CPU
		{C848DE8C-9FD5-4523-B504-B33B4219F062}.WindowsRelease|x64.ActiveCfg = Release|Any CPU
		{C848DE8C-9FD5-4523-B504-B33B4219F062}.WindowsRelease|x64.Build.0 = Release|Any CPU
		{C848DE8C-9FD5-4523-B504-B33B4219F062}.WindowsRelease|x86.ActiveCfg = Release|Any CPU
		{C848DE8C-9FD5-4523-B504-B33B4219F062}.WindowsRelease|x86.Build.0 = Release|Any CPU
		{C848DE8C-9FD5-4523-B504-B33B4219F062}.WindowsServerDebug|Any CPU.ActiveCfg = Debug|Any CPU
		{C848DE8C-9FD5-4523-B504-B33B4219F062}.WindowsServerDebug|Any CPU.Build.0 = Debug|Any CPU
		{C848DE8C-9FD5-4523-B504-B33B4219F062}.WindowsServerDebug|x64.ActiveCfg = Debug|Any CPU
		{C848DE8C-9FD5-4523-B504-B33B4219F062}.WindowsServerDebug|x64.Build.0 = Debug|Any CPU
		{C848DE8C-9FD5-4523-B504-B33B4219F062}.WindowsServerDebug|x86.ActiveCfg = Debug|Any CPU
		{C848DE8C-9FD5-4523-B504-B33B4219F062}.WindowsServerDebug|x86.Build.0 = Debug|Any CPU
		{C848DE8C-9FD5-4523-B504-B33B4219F062}.WindowsServerRelease|Any CPU.ActiveCfg = Release|Any CPU
		{C848DE8C-9FD5-4523-B504-B33B4219F062}.WindowsServerRelease|Any CPU.Build.0 = Release|Any CPU
		{C848DE8C-9FD5-4523-B504-B33B4219F062}.WindowsServerRelease|x64.ActiveCfg = Release|Any CPU
		{C848DE8C-9FD5-4523-B504-B33B4219F062}.WindowsServerRelease|x64.Build.0 = Release|Any CPU
		{C848DE8C-9FD5-4523-B504-B33B4219F062}.WindowsServerRelease|x86.ActiveCfg = Release|Any CPU
		{C848DE8C-9FD5-4523-B504-B33B4219F062}.WindowsServerRelease|x86.Build.0 = Release|Any CPU
		{35253CE1-C864-4CD3-8249-4D1319748E8F}.Debug|Any CPU.ActiveCfg = Debug|Any CPU
		{35253CE1-C864-4CD3-8249-4D1319748E8F}.Debug|Any CPU.Build.0 = Debug|Any CPU
		{35253CE1-C864-4CD3-8249-4D1319748E8F}.Debug|x64.ActiveCfg = Debug|x64
		{35253CE1-C864-4CD3-8249-4D1319748E8F}.Debug|x64.Build.0 = Debug|x64
		{35253CE1-C864-4CD3-8249-4D1319748E8F}.Debug|x86.ActiveCfg = Debug|x86
		{35253CE1-C864-4CD3-8249-4D1319748E8F}.Debug|x86.Build.0 = Debug|x86
		{35253CE1-C864-4CD3-8249-4D1319748E8F}.LinuxRelease|Any CPU.ActiveCfg = Release|Any CPU
		{35253CE1-C864-4CD3-8249-4D1319748E8F}.LinuxRelease|Any CPU.Build.0 = Release|Any CPU
		{35253CE1-C864-4CD3-8249-4D1319748E8F}.LinuxRelease|x64.ActiveCfg = Release|x64
		{35253CE1-C864-4CD3-8249-4D1319748E8F}.LinuxRelease|x64.Build.0 = Release|x64
		{35253CE1-C864-4CD3-8249-4D1319748E8F}.LinuxRelease|x86.ActiveCfg = Release|x86
		{35253CE1-C864-4CD3-8249-4D1319748E8F}.LinuxRelease|x86.Build.0 = Release|x86
		{35253CE1-C864-4CD3-8249-4D1319748E8F}.LinuxServerRelease|Any CPU.ActiveCfg = Release|Any CPU
		{35253CE1-C864-4CD3-8249-4D1319748E8F}.LinuxServerRelease|Any CPU.Build.0 = Release|Any CPU
		{35253CE1-C864-4CD3-8249-4D1319748E8F}.LinuxServerRelease|x64.ActiveCfg = Release|x64
		{35253CE1-C864-4CD3-8249-4D1319748E8F}.LinuxServerRelease|x64.Build.0 = Release|x64
		{35253CE1-C864-4CD3-8249-4D1319748E8F}.LinuxServerRelease|x86.ActiveCfg = Release|x86
		{35253CE1-C864-4CD3-8249-4D1319748E8F}.LinuxServerRelease|x86.Build.0 = Release|x86
		{35253CE1-C864-4CD3-8249-4D1319748E8F}.MacRelease|Any CPU.ActiveCfg = Release|Any CPU
		{35253CE1-C864-4CD3-8249-4D1319748E8F}.MacRelease|Any CPU.Build.0 = Release|Any CPU
		{35253CE1-C864-4CD3-8249-4D1319748E8F}.MacRelease|x64.ActiveCfg = Release|x64
		{35253CE1-C864-4CD3-8249-4D1319748E8F}.MacRelease|x64.Build.0 = Release|x64
		{35253CE1-C864-4CD3-8249-4D1319748E8F}.MacRelease|x86.ActiveCfg = Release|x86
		{35253CE1-C864-4CD3-8249-4D1319748E8F}.MacRelease|x86.Build.0 = Release|x86
		{35253CE1-C864-4CD3-8249-4D1319748E8F}.MacServerRelease|Any CPU.ActiveCfg = Release|Any CPU
		{35253CE1-C864-4CD3-8249-4D1319748E8F}.MacServerRelease|Any CPU.Build.0 = Release|Any CPU
		{35253CE1-C864-4CD3-8249-4D1319748E8F}.MacServerRelease|x64.ActiveCfg = Release|x64
		{35253CE1-C864-4CD3-8249-4D1319748E8F}.MacServerRelease|x64.Build.0 = Release|x64
		{35253CE1-C864-4CD3-8249-4D1319748E8F}.MacServerRelease|x86.ActiveCfg = Release|x86
		{35253CE1-C864-4CD3-8249-4D1319748E8F}.MacServerRelease|x86.Build.0 = Release|x86
		{35253CE1-C864-4CD3-8249-4D1319748E8F}.Release|Any CPU.ActiveCfg = Release|Any CPU
		{35253CE1-C864-4CD3-8249-4D1319748E8F}.Release|Any CPU.Build.0 = Release|Any CPU
		{35253CE1-C864-4CD3-8249-4D1319748E8F}.Release|x64.ActiveCfg = Release|x64
		{35253CE1-C864-4CD3-8249-4D1319748E8F}.Release|x64.Build.0 = Release|x64
		{35253CE1-C864-4CD3-8249-4D1319748E8F}.Release|x86.ActiveCfg = Release|x86
		{35253CE1-C864-4CD3-8249-4D1319748E8F}.Release|x86.Build.0 = Release|x86
		{35253CE1-C864-4CD3-8249-4D1319748E8F}.WindowsDebug|Any CPU.ActiveCfg = Debug|Any CPU
		{35253CE1-C864-4CD3-8249-4D1319748E8F}.WindowsDebug|Any CPU.Build.0 = Debug|Any CPU
		{35253CE1-C864-4CD3-8249-4D1319748E8F}.WindowsDebug|x64.ActiveCfg = Debug|x64
		{35253CE1-C864-4CD3-8249-4D1319748E8F}.WindowsDebug|x64.Build.0 = Debug|x64
		{35253CE1-C864-4CD3-8249-4D1319748E8F}.WindowsDebug|x86.ActiveCfg = Debug|x86
		{35253CE1-C864-4CD3-8249-4D1319748E8F}.WindowsDebug|x86.Build.0 = Debug|x86
		{35253CE1-C864-4CD3-8249-4D1319748E8F}.WindowsRelease|Any CPU.ActiveCfg = Release|Any CPU
		{35253CE1-C864-4CD3-8249-4D1319748E8F}.WindowsRelease|Any CPU.Build.0 = Release|Any CPU
		{35253CE1-C864-4CD3-8249-4D1319748E8F}.WindowsRelease|x64.ActiveCfg = Release|x64
		{35253CE1-C864-4CD3-8249-4D1319748E8F}.WindowsRelease|x64.Build.0 = Release|x64
		{35253CE1-C864-4CD3-8249-4D1319748E8F}.WindowsRelease|x86.ActiveCfg = Release|x86
		{35253CE1-C864-4CD3-8249-4D1319748E8F}.WindowsRelease|x86.Build.0 = Release|x86
		{35253CE1-C864-4CD3-8249-4D1319748E8F}.WindowsServerDebug|Any CPU.ActiveCfg = Debug|Any CPU
		{35253CE1-C864-4CD3-8249-4D1319748E8F}.WindowsServerDebug|Any CPU.Build.0 = Debug|Any CPU
		{35253CE1-C864-4CD3-8249-4D1319748E8F}.WindowsServerDebug|x64.ActiveCfg = Debug|x64
		{35253CE1-C864-4CD3-8249-4D1319748E8F}.WindowsServerDebug|x64.Build.0 = Debug|x64
		{35253CE1-C864-4CD3-8249-4D1319748E8F}.WindowsServerDebug|x86.ActiveCfg = Debug|x86
		{35253CE1-C864-4CD3-8249-4D1319748E8F}.WindowsServerDebug|x86.Build.0 = Debug|x86
		{35253CE1-C864-4CD3-8249-4D1319748E8F}.WindowsServerRelease|Any CPU.ActiveCfg = Release|Any CPU
		{35253CE1-C864-4CD3-8249-4D1319748E8F}.WindowsServerRelease|Any CPU.Build.0 = Release|Any CPU
		{35253CE1-C864-4CD3-8249-4D1319748E8F}.WindowsServerRelease|x64.ActiveCfg = Release|x64
		{35253CE1-C864-4CD3-8249-4D1319748E8F}.WindowsServerRelease|x64.Build.0 = Release|x64
		{35253CE1-C864-4CD3-8249-4D1319748E8F}.WindowsServerRelease|x86.ActiveCfg = Release|x86
		{35253CE1-C864-4CD3-8249-4D1319748E8F}.WindowsServerRelease|x86.Build.0 = Release|x86
	EndGlobalSection
	GlobalSection(SolutionProperties) = preSolution
		HideSolutionNode = FALSE
	EndGlobalSection
	GlobalSection(ExtensibilityGlobals) = postSolution
		SolutionGuid = {435EEAF0-C9C9-495A-83FF-AF348E26C59C}
	EndGlobalSection
EndGlobal
